// !$*UTF8*$!
{
	archiveVersion = 1;
	classes = {
	};
	objectVersion = 50;
	objects = {

/* Begin PBXBuildFile section */
		048DAF2125EB1E6200EBBF3D /* Extensions.swift in Sources */ = {isa = PBXBuildFile; fileRef = 048DAF2025EB1E6200EBBF3D /* Extensions.swift */; };
		04E7BD9E25EB01F20050345A /* AppDelegate.swift in Sources */ = {isa = PBXBuildFile; fileRef = 04E7BD9D25EB01F20050345A /* AppDelegate.swift */; };
		04E7BDA225EB01F20050345A /* HomeViewController.swift in Sources */ = {isa = PBXBuildFile; fileRef = 04E7BDA125EB01F20050345A /* HomeViewController.swift */; };
		04E7BDA725EB01F30050345A /* Assets.xcassets in Resources */ = {isa = PBXBuildFile; fileRef = 04E7BDA625EB01F30050345A /* Assets.xcassets */; };
		04E7BDAA25EB01F30050345A /* LaunchScreen.storyboard in Resources */ = {isa = PBXBuildFile; fileRef = 04E7BDA825EB01F30050345A /* LaunchScreen.storyboard */; };
		04E7BDBB25EB10390050345A /* TabBarViewController.swift in Sources */ = {isa = PBXBuildFile; fileRef = 04E7BDBA25EB10390050345A /* TabBarViewController.swift */; };
		04E7BDBF25EB109A0050345A /* SearchViewController.swift in Sources */ = {isa = PBXBuildFile; fileRef = 04E7BDBE25EB109A0050345A /* SearchViewController.swift */; };
		04E7BDC225EB10A60050345A /* LibraryViewController.swift in Sources */ = {isa = PBXBuildFile; fileRef = 04E7BDC125EB10A60050345A /* LibraryViewController.swift */; };
		04E7BDC725EB116A0050345A /* AuthViewController.swift in Sources */ = {isa = PBXBuildFile; fileRef = 04E7BDC625EB116A0050345A /* AuthViewController.swift */; };
		04E7BDCB25EB11730050345A /* WelcomeViewController.swift in Sources */ = {isa = PBXBuildFile; fileRef = 04E7BDCA25EB11730050345A /* WelcomeViewController.swift */; };
		04E7BDCF25EB12500050345A /* SettingsViewController.swift in Sources */ = {isa = PBXBuildFile; fileRef = 04E7BDCE25EB12500050345A /* SettingsViewController.swift */; };
		04E7BDD425EB12660050345A /* ProfileViewController.swift in Sources */ = {isa = PBXBuildFile; fileRef = 04E7BDD325EB12660050345A /* ProfileViewController.swift */; };
		04E7BDD725EB12700050345A /* PlayerViewController.swift in Sources */ = {isa = PBXBuildFile; fileRef = 04E7BDD625EB12700050345A /* PlayerViewController.swift */; };
		04E7BDDA25EB12850050345A /* PlaylistViewController.swift in Sources */ = {isa = PBXBuildFile; fileRef = 04E7BDD925EB12850050345A /* PlaylistViewController.swift */; };
		04E7BDDD25EB12F90050345A /* SearchResultViewController.swift in Sources */ = {isa = PBXBuildFile; fileRef = 04E7BDDC25EB12F90050345A /* SearchResultViewController.swift */; };
		04E7BDE025EB13CB0050345A /* AuthManager.swift in Sources */ = {isa = PBXBuildFile; fileRef = 04E7BDDF25EB13CB0050345A /* AuthManager.swift */; };
		04E7BDE325EB13DA0050345A /* APICaller.swift in Sources */ = {isa = PBXBuildFile; fileRef = 04E7BDE225EB13DA0050345A /* APICaller.swift */; };
		04E7BDEA25EB14440050345A /* HapticsManager.swift in Sources */ = {isa = PBXBuildFile; fileRef = 04E7BDE925EB14440050345A /* HapticsManager.swift */; };
		04E7BDED25EB147A0050345A /* Playlist.swift in Sources */ = {isa = PBXBuildFile; fileRef = 04E7BDEC25EB147A0050345A /* Playlist.swift */; };
		04E7BDF025EB14840050345A /* AudioTrack.swift in Sources */ = {isa = PBXBuildFile; fileRef = 04E7BDEF25EB14840050345A /* AudioTrack.swift */; };
		04E7BDF325EB148F0050345A /* Artist.swift in Sources */ = {isa = PBXBuildFile; fileRef = 04E7BDF225EB148F0050345A /* Artist.swift */; };
		04E7BDF625EB149E0050345A /* UserProfile.swift in Sources */ = {isa = PBXBuildFile; fileRef = 04E7BDF525EB149E0050345A /* UserProfile.swift */; };
/* End PBXBuildFile section */

/* Begin PBXFileReference section */
		048DAF2025EB1E6200EBBF3D /* Extensions.swift */ = {isa = PBXFileReference; lastKnownFileType = sourcecode.swift; path = Extensions.swift; sourceTree = "<group>"; };
		04E7BD9A25EB01F20050345A /* SpotifyCloneApp.app */ = {isa = PBXFileReference; explicitFileType = wrapper.application; includeInIndex = 0; path = SpotifyCloneApp.app; sourceTree = BUILT_PRODUCTS_DIR; };
		04E7BD9D25EB01F20050345A /* AppDelegate.swift */ = {isa = PBXFileReference; lastKnownFileType = sourcecode.swift; path = AppDelegate.swift; sourceTree = "<group>"; };
		04E7BDA125EB01F20050345A /* HomeViewController.swift */ = {isa = PBXFileReference; lastKnownFileType = sourcecode.swift; path = HomeViewController.swift; sourceTree = "<group>"; };
		04E7BDA625EB01F30050345A /* Assets.xcassets */ = {isa = PBXFileReference; lastKnownFileType = folder.assetcatalog; path = Assets.xcassets; sourceTree = "<group>"; };
		04E7BDA925EB01F30050345A /* Base */ = {isa = PBXFileReference; lastKnownFileType = file.storyboard; name = Base; path = Base.lproj/LaunchScreen.storyboard; sourceTree = "<group>"; };
		04E7BDAB25EB01F30050345A /* Info.plist */ = {isa = PBXFileReference; lastKnownFileType = text.plist.xml; path = Info.plist; sourceTree = "<group>"; };
		04E7BDBA25EB10390050345A /* TabBarViewController.swift */ = {isa = PBXFileReference; lastKnownFileType = sourcecode.swift; path = TabBarViewController.swift; sourceTree = "<group>"; };
		04E7BDBE25EB109A0050345A /* SearchViewController.swift */ = {isa = PBXFileReference; lastKnownFileType = sourcecode.swift; path = SearchViewController.swift; sourceTree = "<group>"; };
		04E7BDC125EB10A60050345A /* LibraryViewController.swift */ = {isa = PBXFileReference; lastKnownFileType = sourcecode.swift; path = LibraryViewController.swift; sourceTree = "<group>"; };
		04E7BDC625EB116A0050345A /* AuthViewController.swift */ = {isa = PBXFileReference; lastKnownFileType = sourcecode.swift; path = AuthViewController.swift; sourceTree = "<group>"; };
		04E7BDCA25EB11730050345A /* WelcomeViewController.swift */ = {isa = PBXFileReference; lastKnownFileType = sourcecode.swift; path = WelcomeViewController.swift; sourceTree = "<group>"; };
		04E7BDCE25EB12500050345A /* SettingsViewController.swift */ = {isa = PBXFileReference; lastKnownFileType = sourcecode.swift; path = SettingsViewController.swift; sourceTree = "<group>"; };
		04E7BDD325EB12660050345A /* ProfileViewController.swift */ = {isa = PBXFileReference; lastKnownFileType = sourcecode.swift; path = ProfileViewController.swift; sourceTree = "<group>"; };
		04E7BDD625EB12700050345A /* PlayerViewController.swift */ = {isa = PBXFileReference; lastKnownFileType = sourcecode.swift; path = PlayerViewController.swift; sourceTree = "<group>"; };
		04E7BDD925EB12850050345A /* PlaylistViewController.swift */ = {isa = PBXFileReference; lastKnownFileType = sourcecode.swift; path = PlaylistViewController.swift; sourceTree = "<group>"; };
		04E7BDDC25EB12F90050345A /* SearchResultViewController.swift */ = {isa = PBXFileReference; lastKnownFileType = sourcecode.swift; path = SearchResultViewController.swift; sourceTree = "<group>"; };
		04E7BDDF25EB13CB0050345A /* AuthManager.swift */ = {isa = PBXFileReference; lastKnownFileType = sourcecode.swift; path = AuthManager.swift; sourceTree = "<group>"; };
		04E7BDE225EB13DA0050345A /* APICaller.swift */ = {isa = PBXFileReference; lastKnownFileType = sourcecode.swift; path = APICaller.swift; sourceTree = "<group>"; };
		04E7BDE925EB14440050345A /* HapticsManager.swift */ = {isa = PBXFileReference; lastKnownFileType = sourcecode.swift; path = HapticsManager.swift; sourceTree = "<group>"; };
		04E7BDEC25EB147A0050345A /* Playlist.swift */ = {isa = PBXFileReference; lastKnownFileType = sourcecode.swift; path = Playlist.swift; sourceTree = "<group>"; };
		04E7BDEF25EB14840050345A /* AudioTrack.swift */ = {isa = PBXFileReference; lastKnownFileType = sourcecode.swift; path = AudioTrack.swift; sourceTree = "<group>"; };
		04E7BDF225EB148F0050345A /* Artist.swift */ = {isa = PBXFileReference; lastKnownFileType = sourcecode.swift; path = Artist.swift; sourceTree = "<group>"; };
		04E7BDF525EB149E0050345A /* UserProfile.swift */ = {isa = PBXFileReference; lastKnownFileType = sourcecode.swift; path = UserProfile.swift; sourceTree = "<group>"; };
/* End PBXFileReference section */

/* Begin PBXFrameworksBuildPhase section */
		04E7BD9725EB01F20050345A /* Frameworks */ = {
			isa = PBXFrameworksBuildPhase;
			buildActionMask = 2147483647;
			files = (
			);
			runOnlyForDeploymentPostprocessing = 0;
		};
/* End PBXFrameworksBuildPhase section */

/* Begin PBXGroup section */
		048DAF1F25EB1E5200EBBF3D /* Extensions */ = {
			isa = PBXGroup;
			children = (
				048DAF2025EB1E6200EBBF3D /* Extensions.swift */,
			);
			path = Extensions;
			sourceTree = "<group>";
		};
		04E7BD9125EB01F20050345A = {
			isa = PBXGroup;
			children = (
				04E7BD9C25EB01F20050345A /* SpotifyCloneApp */,
				04E7BD9B25EB01F20050345A /* Products */,
			);
			sourceTree = "<group>";
		};
		04E7BD9B25EB01F20050345A /* Products */ = {
			isa = PBXGroup;
			children = (
				04E7BD9A25EB01F20050345A /* SpotifyCloneApp.app */,
			);
			name = Products;
			sourceTree = "<group>";
		};
		04E7BD9C25EB01F20050345A /* SpotifyCloneApp */ = {
			isa = PBXGroup;
			children = (
				04E7BDB825EB04E90050345A /* Resources */,
				04E7BDB725EB04E40050345A /* Managers */,
				04E7BDB625EB04DD0050345A /* ViewModels */,
				04E7BDB525EB04CD0050345A /* Models */,
				04E7BDB425EB04C70050345A /* Controllers */,
				04E7BDB325EB04BF0050345A /* Views */,
				04E7BDAB25EB01F30050345A /* Info.plist */,
			);
			path = SpotifyCloneApp;
			sourceTree = "<group>";
		};
		04E7BDB325EB04BF0050345A /* Views */ = {
			isa = PBXGroup;
			children = (
				04E7BDA825EB01F30050345A /* LaunchScreen.storyboard */,
			);
			path = Views;
			sourceTree = "<group>";
		};
		04E7BDB425EB04C70050345A /* Controllers */ = {
			isa = PBXGroup;
			children = (
				04E7BDCD25EB12340050345A /* Other */,
				04E7BDC525EB11070050345A /* Auth */,
				04E7BDC425EB10A90050345A /* CORE */,
			);
			path = Controllers;
			sourceTree = "<group>";
		};
		04E7BDB525EB04CD0050345A /* Models */ = {
			isa = PBXGroup;
			children = (
				04E7BDEC25EB147A0050345A /* Playlist.swift */,
				04E7BDEF25EB14840050345A /* AudioTrack.swift */,
				04E7BDF225EB148F0050345A /* Artist.swift */,
				04E7BDF525EB149E0050345A /* UserProfile.swift */,
			);
			path = Models;
			sourceTree = "<group>";
		};
		04E7BDB625EB04DD0050345A /* ViewModels */ = {
			isa = PBXGroup;
			children = (
			);
			path = ViewModels;
			sourceTree = "<group>";
		};
		04E7BDB725EB04E40050345A /* Managers */ = {
			isa = PBXGroup;
			children = (
				04E7BDDF25EB13CB0050345A /* AuthManager.swift */,
				04E7BDE225EB13DA0050345A /* APICaller.swift */,
				04E7BDE925EB14440050345A /* HapticsManager.swift */,
			);
			path = Managers;
			sourceTree = "<group>";
		};
		04E7BDB825EB04E90050345A /* Resources */ = {
			isa = PBXGroup;
			children = (
				04E7BDA625EB01F30050345A /* Assets.xcassets */,
				04E7BD9D25EB01F20050345A /* AppDelegate.swift */,
				048DAF1F25EB1E5200EBBF3D /* Extensions */,
			);
			path = Resources;
			sourceTree = "<group>";
		};
		04E7BDC425EB10A90050345A /* CORE */ = {
			isa = PBXGroup;
			children = (
				04E7BDBA25EB10390050345A /* TabBarViewController.swift */,
				04E7BDA125EB01F20050345A /* HomeViewController.swift */,
				04E7BDBE25EB109A0050345A /* SearchViewController.swift */,
				04E7BDC125EB10A60050345A /* LibraryViewController.swift */,
			);
			path = CORE;
			sourceTree = "<group>";
		};
		04E7BDC525EB11070050345A /* Auth */ = {
			isa = PBXGroup;
			children = (
				04E7BDC625EB116A0050345A /* AuthViewController.swift */,
				04E7BDCA25EB11730050345A /* WelcomeViewController.swift */,
			);
			path = Auth;
			sourceTree = "<group>";
		};
		04E7BDCD25EB12340050345A /* Other */ = {
			isa = PBXGroup;
			children = (
				04E7BDCE25EB12500050345A /* SettingsViewController.swift */,
				04E7BDD325EB12660050345A /* ProfileViewController.swift */,
				04E7BDD625EB12700050345A /* PlayerViewController.swift */,
				04E7BDD925EB12850050345A /* PlaylistViewController.swift */,
				04E7BDDC25EB12F90050345A /* SearchResultViewController.swift */,
			);
			path = Other;
			sourceTree = "<group>";
		};
/* End PBXGroup section */

/* Begin PBXNativeTarget section */
		04E7BD9925EB01F20050345A /* SpotifyCloneApp */ = {
			isa = PBXNativeTarget;
			buildConfigurationList = 04E7BDAE25EB01F30050345A /* Build configuration list for PBXNativeTarget "SpotifyCloneApp" */;
			buildPhases = (
				04E7BD9625EB01F20050345A /* Sources */,
				04E7BD9725EB01F20050345A /* Frameworks */,
				04E7BD9825EB01F20050345A /* Resources */,
			);
			buildRules = (
			);
			dependencies = (
			);
			name = SpotifyCloneApp;
			productName = SpotifyCloneApp;
			productReference = 04E7BD9A25EB01F20050345A /* SpotifyCloneApp.app */;
			productType = "com.apple.product-type.application";
		};
/* End PBXNativeTarget section */

/* Begin PBXProject section */
		04E7BD9225EB01F20050345A /* Project object */ = {
			isa = PBXProject;
			attributes = {
				LastSwiftUpdateCheck = 1240;
				LastUpgradeCheck = 1240;
				TargetAttributes = {
					04E7BD9925EB01F20050345A = {
						CreatedOnToolsVersion = 12.4;
					};
				};
			};
			buildConfigurationList = 04E7BD9525EB01F20050345A /* Build configuration list for PBXProject "SpotifyCloneApp" */;
			compatibilityVersion = "Xcode 9.3";
			developmentRegion = en;
			hasScannedForEncodings = 0;
			knownRegions = (
				en,
				Base,
			);
			mainGroup = 04E7BD9125EB01F20050345A;
			productRefGroup = 04E7BD9B25EB01F20050345A /* Products */;
			projectDirPath = "";
			projectRoot = "";
			targets = (
				04E7BD9925EB01F20050345A /* SpotifyCloneApp */,
			);
		};
/* End PBXProject section */

/* Begin PBXResourcesBuildPhase section */
		04E7BD9825EB01F20050345A /* Resources */ = {
			isa = PBXResourcesBuildPhase;
			buildActionMask = 2147483647;
			files = (
				04E7BDAA25EB01F30050345A /* LaunchScreen.storyboard in Resources */,
				04E7BDA725EB01F30050345A /* Assets.xcassets in Resources */,
			);
			runOnlyForDeploymentPostprocessing = 0;
		};
/* End PBXResourcesBuildPhase section */

/* Begin PBXSourcesBuildPhase section */
		04E7BD9625EB01F20050345A /* Sources */ = {
			isa = PBXSourcesBuildPhase;
			buildActionMask = 2147483647;
			files = (
				04E7BDA225EB01F20050345A /* HomeViewController.swift in Sources */,
				04E7BDC225EB10A60050345A /* LibraryViewController.swift in Sources */,
				04E7BDBB25EB10390050345A /* TabBarViewController.swift in Sources */,
				04E7BDEA25EB14440050345A /* HapticsManager.swift in Sources */,
				04E7BDE325EB13DA0050345A /* APICaller.swift in Sources */,
				04E7BDE025EB13CB0050345A /* AuthManager.swift in Sources */,
				04E7BDBF25EB109A0050345A /* SearchViewController.swift in Sources */,
				04E7BDF025EB14840050345A /* AudioTrack.swift in Sources */,
				04E7BDC725EB116A0050345A /* AuthViewController.swift in Sources */,
				04E7BD9E25EB01F20050345A /* AppDelegate.swift in Sources */,
				04E7BDD425EB12660050345A /* ProfileViewController.swift in Sources */,
				04E7BDDA25EB12850050345A /* PlaylistViewController.swift in Sources */,
				04E7BDF325EB148F0050345A /* Artist.swift in Sources */,
				04E7BDED25EB147A0050345A /* Playlist.swift in Sources */,
				04E7BDF625EB149E0050345A /* UserProfile.swift in Sources */,
				048DAF2125EB1E6200EBBF3D /* Extensions.swift in Sources */,
				04E7BDCB25EB11730050345A /* WelcomeViewController.swift in Sources */,
				04E7BDCF25EB12500050345A /* SettingsViewController.swift in Sources */,
				04E7BDDD25EB12F90050345A /* SearchResultViewController.swift in Sources */,
				04E7BDD725EB12700050345A /* PlayerViewController.swift in Sources */,
			);
			runOnlyForDeploymentPostprocessing = 0;
		};
/* End PBXSourcesBuildPhase section */

/* Begin PBXVariantGroup section */
		04E7BDA825EB01F30050345A /* LaunchScreen.storyboard */ = {
			isa = PBXVariantGroup;
			children = (
				04E7BDA925EB01F30050345A /* Base */,
			);
			name = LaunchScreen.storyboard;
			sourceTree = "<group>";
		};
/* End PBXVariantGroup section */

/* Begin XCBuildConfiguration section */
		04E7BDAC25EB01F30050345A /* Debug */ = {
			isa = XCBuildConfiguration;
			buildSettings = {
				ALWAYS_SEARCH_USER_PATHS = NO;
				CLANG_ANALYZER_NONNULL = YES;
				CLANG_ANALYZER_NUMBER_OBJECT_CONVERSION = YES_AGGRESSIVE;
				CLANG_CXX_LANGUAGE_STANDARD = "gnu++14";
				CLANG_CXX_LIBRARY = "libc++";
				CLANG_ENABLE_MODULES = YES;
				CLANG_ENABLE_OBJC_ARC = YES;
				CLANG_ENABLE_OBJC_WEAK = YES;
				CLANG_WARN_BLOCK_CAPTURE_AUTORELEASING = YES;
				CLANG_WARN_BOOL_CONVERSION = YES;
				CLANG_WARN_COMMA = YES;
				CLANG_WARN_CONSTANT_CONVERSION = YES;
				CLANG_WARN_DEPRECATED_OBJC_IMPLEMENTATIONS = YES;
				CLANG_WARN_DIRECT_OBJC_ISA_USAGE = YES_ERROR;
				CLANG_WARN_DOCUMENTATION_COMMENTS = YES;
				CLANG_WARN_EMPTY_BODY = YES;
				CLANG_WARN_ENUM_CONVERSION = YES;
				CLANG_WARN_INFINITE_RECURSION = YES;
				CLANG_WARN_INT_CONVERSION = YES;
				CLANG_WARN_NON_LITERAL_NULL_CONVERSION = YES;
				CLANG_WARN_OBJC_IMPLICIT_RETAIN_SELF = YES;
				CLANG_WARN_OBJC_LITERAL_CONVERSION = YES;
				CLANG_WARN_OBJC_ROOT_CLASS = YES_ERROR;
				CLANG_WARN_QUOTED_INCLUDE_IN_FRAMEWORK_HEADER = YES;
				CLANG_WARN_RANGE_LOOP_ANALYSIS = YES;
				CLANG_WARN_STRICT_PROTOTYPES = YES;
				CLANG_WARN_SUSPICIOUS_MOVE = YES;
				CLANG_WARN_UNGUARDED_AVAILABILITY = YES_AGGRESSIVE;
				CLANG_WARN_UNREACHABLE_CODE = YES;
				CLANG_WARN__DUPLICATE_METHOD_MATCH = YES;
				COPY_PHASE_STRIP = NO;
				DEBUG_INFORMATION_FORMAT = dwarf;
				ENABLE_STRICT_OBJC_MSGSEND = YES;
				ENABLE_TESTABILITY = YES;
				GCC_C_LANGUAGE_STANDARD = gnu11;
				GCC_DYNAMIC_NO_PIC = NO;
				GCC_NO_COMMON_BLOCKS = YES;
				GCC_OPTIMIZATION_LEVEL = 0;
				GCC_PREPROCESSOR_DEFINITIONS = (
					"DEBUG=1",
					"$(inherited)",
				);
				GCC_WARN_64_TO_32_BIT_CONVERSION = YES;
				GCC_WARN_ABOUT_RETURN_TYPE = YES_ERROR;
				GCC_WARN_UNDECLARED_SELECTOR = YES;
				GCC_WARN_UNINITIALIZED_AUTOS = YES_AGGRESSIVE;
				GCC_WARN_UNUSED_FUNCTION = YES;
				GCC_WARN_UNUSED_VARIABLE = YES;
				IPHONEOS_DEPLOYMENT_TARGET = 14.4;
				MTL_ENABLE_DEBUG_INFO = INCLUDE_SOURCE;
				MTL_FAST_MATH = YES;
				ONLY_ACTIVE_ARCH = YES;
				SDKROOT = iphoneos;
				SWIFT_ACTIVE_COMPILATION_CONDITIONS = DEBUG;
				SWIFT_OPTIMIZATION_LEVEL = "-Onone";
			};
			name = Debug;
		};
		04E7BDAD25EB01F30050345A /* Release */ = {
			isa = XCBuildConfiguration;
			buildSettings = {
				ALWAYS_SEARCH_USER_PATHS = NO;
				CLANG_ANALYZER_NONNULL = YES;
				CLANG_ANALYZER_NUMBER_OBJECT_CONVERSION = YES_AGGRESSIVE;
				CLANG_CXX_LANGUAGE_STANDARD = "gnu++14";
				CLANG_CXX_LIBRARY = "libc++";
				CLANG_ENABLE_MODULES = YES;
				CLANG_ENABLE_OBJC_ARC = YES;
				CLANG_ENABLE_OBJC_WEAK = YES;
				CLANG_WARN_BLOCK_CAPTURE_AUTORELEASING = YES;
				CLANG_WARN_BOOL_CONVERSION = YES;
				CLANG_WARN_COMMA = YES;
				CLANG_WARN_CONSTANT_CONVERSION = YES;
				CLANG_WARN_DEPRECATED_OBJC_IMPLEMENTATIONS = YES;
				CLANG_WARN_DIRECT_OBJC_ISA_USAGE = YES_ERROR;
				CLANG_WARN_DOCUMENTATION_COMMENTS = YES;
				CLANG_WARN_EMPTY_BODY = YES;
				CLANG_WARN_ENUM_CONVERSION = YES;
				CLANG_WARN_INFINITE_RECURSION = YES;
				CLANG_WARN_INT_CONVERSION = YES;
				CLANG_WARN_NON_LITERAL_NULL_CONVERSION = YES;
				CLANG_WARN_OBJC_IMPLICIT_RETAIN_SELF = YES;
				CLANG_WARN_OBJC_LITERAL_CONVERSION = YES;
				CLANG_WARN_OBJC_ROOT_CLASS = YES_ERROR;
				CLANG_WARN_QUOTED_INCLUDE_IN_FRAMEWORK_HEADER = YES;
				CLANG_WARN_RANGE_LOOP_ANALYSIS = YES;
				CLANG_WARN_STRICT_PROTOTYPES = YES;
				CLANG_WARN_SUSPICIOUS_MOVE = YES;
				CLANG_WARN_UNGUARDED_AVAILABILITY = YES_AGGRESSIVE;
				CLANG_WARN_UNREACHABLE_CODE = YES;
				CLANG_WARN__DUPLICATE_METHOD_MATCH = YES;
				COPY_PHASE_STRIP = NO;
				DEBUG_INFORMATION_FORMAT = "dwarf-with-dsym";
				ENABLE_NS_ASSERTIONS = NO;
				ENABLE_STRICT_OBJC_MSGSEND = YES;
				GCC_C_LANGUAGE_STANDARD = gnu11;
				GCC_NO_COMMON_BLOCKS = YES;
				GCC_WARN_64_TO_32_BIT_CONVERSION = YES;
				GCC_WARN_ABOUT_RETURN_TYPE = YES_ERROR;
				GCC_WARN_UNDECLARED_SELECTOR = YES;
				GCC_WARN_UNINITIALIZED_AUTOS = YES_AGGRESSIVE;
				GCC_WARN_UNUSED_FUNCTION = YES;
				GCC_WARN_UNUSED_VARIABLE = YES;
				IPHONEOS_DEPLOYMENT_TARGET = 14.4;
				MTL_ENABLE_DEBUG_INFO = NO;
				MTL_FAST_MATH = YES;
				SDKROOT = iphoneos;
				SWIFT_COMPILATION_MODE = wholemodule;
				SWIFT_OPTIMIZATION_LEVEL = "-O";
				VALIDATE_PRODUCT = YES;
			};
			name = Release;
		};
		04E7BDAF25EB01F30050345A /* Debug */ = {
			isa = XCBuildConfiguration;
			buildSettings = {
				ASSETCATALOG_COMPILER_APPICON_NAME = AppIcon;
				ASSETCATALOG_COMPILER_GLOBAL_ACCENT_COLOR_NAME = AccentColor;
				CODE_SIGN_STYLE = Automatic;
				INFOPLIST_FILE = SpotifyCloneApp/Info.plist;
				LD_RUNPATH_SEARCH_PATHS = (
					"$(inherited)",
					"@executable_path/Frameworks",
				);
				PRODUCT_BUNDLE_IDENTIFIER = "Ghazi-Tozri.SpotifyCloneApp";
				PRODUCT_NAME = "$(TARGET_NAME)";
				SWIFT_VERSION = 5.0;
				TARGETED_DEVICE_FAMILY = "1,2";
			};
			name = Debug;
		};
		04E7BDB025EB01F30050345A /* Release */ = {
			isa = XCBuildConfiguration;
			buildSettings = {
				ASSETCATALOG_COMPILER_APPICON_NAME = AppIcon;
				ASSETCATALOG_COMPILER_GLOBAL_ACCENT_COLOR_NAME = AccentColor;
				CODE_SIGN_STYLE = Automatic;
				INFOPLIST_FILE = SpotifyCloneApp/Info.plist;
				LD_RUNPATH_SEARCH_PATHS = (
					"$(inherited)",
					"@executable_path/Frameworks",
				);
				PRODUCT_BUNDLE_IDENTIFIER = "Ghazi-Tozri.SpotifyCloneApp";
				PRODUCT_NAME = "$(TARGET_NAME)";
				SWIFT_VERSION = 5.0;
				TARGETED_DEVICE_FAMILY = "1,2";
			};
			name = Release;
		};
/* End XCBuildConfiguration section */

/* Begin XCConfigurationList section */
		04E7BD9525EB01F20050345A /* Build configuration list for PBXProject "SpotifyCloneApp" */ = {
			isa = XCConfigurationList;
			buildConfigurations = (
				04E7BDAC25EB01F30050345A /* Debug */,
				04E7BDAD25EB01F30050345A /* Release */,
			);
			defaultConfigurationIsVisible = 0;
			defaultConfigurationName = Release;
		};
		04E7BDAE25EB01F30050345A /* Build configuration list for PBXNativeTarget "SpotifyCloneApp" */ = {
			isa = XCConfigurationList;
			buildConfigurations = (
				04E7BDAF25EB01F30050345A /* Debug */,
				04E7BDB025EB01F30050345A /* Release */,
			);
			defaultConfigurationIsVisible = 0;
			defaultConfigurationName = Release;
		};
/* End XCConfigurationList section */
	};
	rootObject = 04E7BD9225EB01F20050345A /* Project object */;
}
